// !$*UTF8*$!
{
	archiveVersion = 1;
	classes = {
	};
	objectVersion = 56;
	objects = {

/* Begin PBXBuildFile section */
		E67949552B73EAC4006EF23E /* SendbirdDebuggingApp.swift in Sources */ = {isa = PBXBuildFile; fileRef = E67949542B73EAC4006EF23E /* SendbirdDebuggingApp.swift */; };
		E67949592B73EAC8006EF23E /* Assets.xcassets in Resources */ = {isa = PBXBuildFile; fileRef = E67949582B73EAC8006EF23E /* Assets.xcassets */; };
		E679495D2B73EAC8006EF23E /* Preview Assets.xcassets in Resources */ = {isa = PBXBuildFile; fileRef = E679495C2B73EAC8006EF23E /* Preview Assets.xcassets */; };
		E67949652B73EB42006EF23E /* SendbirdChatSDK in Frameworks */ = {isa = PBXBuildFile; productRef = E67949642B73EB42006EF23E /* SendbirdChatSDK */; };
		E67949692B73EBD2006EF23E /* ChatListView.swift in Sources */ = {isa = PBXBuildFile; fileRef = E67949682B73EBD2006EF23E /* ChatListView.swift */; };
		E679496B2B73EBE7006EF23E /* ChatListViewModel.swift in Sources */ = {isa = PBXBuildFile; fileRef = E679496A2B73EBE7006EF23E /* ChatListViewModel.swift */; };
		E679496D2B73EC0B006EF23E /* ChatListCoordinator.swift in Sources */ = {isa = PBXBuildFile; fileRef = E679496C2B73EC0B006EF23E /* ChatListCoordinator.swift */; };
		E67949772B73EDED006EF23E /* ChatService.swift in Sources */ = {isa = PBXBuildFile; fileRef = E67949762B73EDED006EF23E /* ChatService.swift */; };
		E679497A2B73F279006EF23E /* ChatMessage.swift in Sources */ = {isa = PBXBuildFile; fileRef = E67949792B73F279006EF23E /* ChatMessage.swift */; };
		E679497C2B73F2EE006EF23E /* ChatChannel.swift in Sources */ = {isa = PBXBuildFile; fileRef = E679497B2B73F2EE006EF23E /* ChatChannel.swift */; };
		E679497E2B73F465006EF23E /* ChatFile.swift in Sources */ = {isa = PBXBuildFile; fileRef = E679497D2B73F465006EF23E /* ChatFile.swift */; };
		E67949862B73FC53006EF23E /* Secrets.swift in Sources */ = {isa = PBXBuildFile; fileRef = E67949852B73FC53006EF23E /* Secrets.swift */; };
		E67949882B74024A006EF23E /* EphemeralChatChannel.swift in Sources */ = {isa = PBXBuildFile; fileRef = E67949872B74024A006EF23E /* EphemeralChatChannel.swift */; };
		E679498A2B740342006EF23E /* NotificationService.swift in Sources */ = {isa = PBXBuildFile; fileRef = E67949892B740342006EF23E /* NotificationService.swift */; };
		E679498D2B74145F006EF23E /* ChatRow.swift in Sources */ = {isa = PBXBuildFile; fileRef = E679498C2B74145F006EF23E /* ChatRow.swift */; };
		E679498F2B74146D006EF23E /* ChatRowViewModel.swift in Sources */ = {isa = PBXBuildFile; fileRef = E679498E2B74146D006EF23E /* ChatRowViewModel.swift */; };
		E67949942B742B15006EF23E /* Color+extensions.swift in Sources */ = {isa = PBXBuildFile; fileRef = E67949932B742B15006EF23E /* Color+extensions.swift */; };
/* End PBXBuildFile section */

/* Begin PBXFileReference section */
		E67949512B73EAC4006EF23E /* SendbirdDebugging.app */ = {isa = PBXFileReference; explicitFileType = wrapper.application; includeInIndex = 0; path = SendbirdDebugging.app; sourceTree = BUILT_PRODUCTS_DIR; };
		E67949542B73EAC4006EF23E /* SendbirdDebuggingApp.swift */ = {isa = PBXFileReference; lastKnownFileType = sourcecode.swift; path = SendbirdDebuggingApp.swift; sourceTree = "<group>"; };
		E67949582B73EAC8006EF23E /* Assets.xcassets */ = {isa = PBXFileReference; lastKnownFileType = folder.assetcatalog; path = Assets.xcassets; sourceTree = "<group>"; };
		E679495A2B73EAC8006EF23E /* SendbirdDebugging.entitlements */ = {isa = PBXFileReference; lastKnownFileType = text.plist.entitlements; path = SendbirdDebugging.entitlements; sourceTree = "<group>"; };
		E679495C2B73EAC8006EF23E /* Preview Assets.xcassets */ = {isa = PBXFileReference; lastKnownFileType = folder.assetcatalog; path = "Preview Assets.xcassets"; sourceTree = "<group>"; };
		E67949682B73EBD2006EF23E /* ChatListView.swift */ = {isa = PBXFileReference; lastKnownFileType = sourcecode.swift; path = ChatListView.swift; sourceTree = "<group>"; };
		E679496A2B73EBE7006EF23E /* ChatListViewModel.swift */ = {isa = PBXFileReference; lastKnownFileType = sourcecode.swift; path = ChatListViewModel.swift; sourceTree = "<group>"; };
		E679496C2B73EC0B006EF23E /* ChatListCoordinator.swift */ = {isa = PBXFileReference; lastKnownFileType = sourcecode.swift; path = ChatListCoordinator.swift; sourceTree = "<group>"; };
		E67949762B73EDED006EF23E /* ChatService.swift */ = {isa = PBXFileReference; lastKnownFileType = sourcecode.swift; path = ChatService.swift; sourceTree = "<group>"; };
		E67949792B73F279006EF23E /* ChatMessage.swift */ = {isa = PBXFileReference; lastKnownFileType = sourcecode.swift; path = ChatMessage.swift; sourceTree = "<group>"; };
		E679497B2B73F2EE006EF23E /* ChatChannel.swift */ = {isa = PBXFileReference; lastKnownFileType = sourcecode.swift; path = ChatChannel.swift; sourceTree = "<group>"; };
		E679497D2B73F465006EF23E /* ChatFile.swift */ = {isa = PBXFileReference; lastKnownFileType = sourcecode.swift; path = ChatFile.swift; sourceTree = "<group>"; };
		E679497F2B73F67D006EF23E /* SendbirdConfig.xcconfig */ = {isa = PBXFileReference; lastKnownFileType = text.xcconfig; path = SendbirdConfig.xcconfig; sourceTree = "<group>"; };
		E67949852B73FC53006EF23E /* Secrets.swift */ = {isa = PBXFileReference; lastKnownFileType = sourcecode.swift; path = Secrets.swift; sourceTree = "<group>"; };
		E67949872B74024A006EF23E /* EphemeralChatChannel.swift */ = {isa = PBXFileReference; lastKnownFileType = sourcecode.swift; path = EphemeralChatChannel.swift; sourceTree = "<group>"; };
		E67949892B740342006EF23E /* NotificationService.swift */ = {isa = PBXFileReference; lastKnownFileType = sourcecode.swift; path = NotificationService.swift; sourceTree = "<group>"; };
		E679498C2B74145F006EF23E /* ChatRow.swift */ = {isa = PBXFileReference; lastKnownFileType = sourcecode.swift; path = ChatRow.swift; sourceTree = "<group>"; };
		E679498E2B74146D006EF23E /* ChatRowViewModel.swift */ = {isa = PBXFileReference; lastKnownFileType = sourcecode.swift; path = ChatRowViewModel.swift; sourceTree = "<group>"; };
		E67949932B742B15006EF23E /* Color+extensions.swift */ = {isa = PBXFileReference; lastKnownFileType = sourcecode.swift; path = "Color+extensions.swift"; sourceTree = "<group>"; };
		E67949952B7431B7006EF23E /* Info.plist */ = {isa = PBXFileReference; lastKnownFileType = text.plist; path = Info.plist; sourceTree = "<group>"; };
/* End PBXFileReference section */

/* Begin PBXFrameworksBuildPhase section */
		E679494E2B73EAC4006EF23E /* Frameworks */ = {
			isa = PBXFrameworksBuildPhase;
			buildActionMask = 2147483647;
			files = (
				E67949652B73EB42006EF23E /* SendbirdChatSDK in Frameworks */,
			);
			runOnlyForDeploymentPostprocessing = 0;
		};
/* End PBXFrameworksBuildPhase section */

/* Begin PBXGroup section */
		E67949482B73EAC4006EF23E = {
			isa = PBXGroup;
			children = (
				E67949532B73EAC4006EF23E /* SendbirdDebugging */,
				E67949522B73EAC4006EF23E /* Products */,
			);
			sourceTree = "<group>";
		};
		E67949522B73EAC4006EF23E /* Products */ = {
			isa = PBXGroup;
			children = (
				E67949512B73EAC4006EF23E /* SendbirdDebugging.app */,
			);
			name = Products;
			sourceTree = "<group>";
		};
		E67949532B73EAC4006EF23E /* SendbirdDebugging */ = {
			isa = PBXGroup;
			children = (
				E67949952B7431B7006EF23E /* Info.plist */,
				E67949922B742B04006EF23E /* Extensions */,
				E67949842B73FC2A006EF23E /* Helpers */,
				E67949782B73F269006EF23E /* Models */,
				E67949802B73F76D006EF23E /* Resources */,
				E67949752B73EDD7006EF23E /* Services */,
				E67949662B73EB4F006EF23E /* Views */,
				E67949542B73EAC4006EF23E /* SendbirdDebuggingApp.swift */,
				E679495A2B73EAC8006EF23E /* SendbirdDebugging.entitlements */,
				E679495B2B73EAC8006EF23E /* Preview Content */,
			);
			path = SendbirdDebugging;
			sourceTree = "<group>";
		};
		E679495B2B73EAC8006EF23E /* Preview Content */ = {
			isa = PBXGroup;
			children = (
				E679495C2B73EAC8006EF23E /* Preview Assets.xcassets */,
			);
			path = "Preview Content";
			sourceTree = "<group>";
		};
		E67949662B73EB4F006EF23E /* Views */ = {
			isa = PBXGroup;
			children = (
				E679498B2B741444006EF23E /* ChatRow */,
				E67949672B73EB5C006EF23E /* ChatList */,
			);
			path = Views;
			sourceTree = "<group>";
		};
		E67949672B73EB5C006EF23E /* ChatList */ = {
			isa = PBXGroup;
			children = (
				E67949682B73EBD2006EF23E /* ChatListView.swift */,
				E679496A2B73EBE7006EF23E /* ChatListViewModel.swift */,
				E679496C2B73EC0B006EF23E /* ChatListCoordinator.swift */,
			);
			path = ChatList;
			sourceTree = "<group>";
		};
		E67949752B73EDD7006EF23E /* Services */ = {
			isa = PBXGroup;
			children = (
				E67949762B73EDED006EF23E /* ChatService.swift */,
				E67949892B740342006EF23E /* NotificationService.swift */,
			);
			path = Services;
			sourceTree = "<group>";
		};
		E67949782B73F269006EF23E /* Models */ = {
			isa = PBXGroup;
			children = (
				E67949792B73F279006EF23E /* ChatMessage.swift */,
				E679497B2B73F2EE006EF23E /* ChatChannel.swift */,
				E679497D2B73F465006EF23E /* ChatFile.swift */,
				E67949872B74024A006EF23E /* EphemeralChatChannel.swift */,
			);
			path = Models;
			sourceTree = "<group>";
		};
		E67949802B73F76D006EF23E /* Resources */ = {
			isa = PBXGroup;
			children = (
				E67949582B73EAC8006EF23E /* Assets.xcassets */,
				E679497F2B73F67D006EF23E /* SendbirdConfig.xcconfig */,
			);
			path = Resources;
			sourceTree = "<group>";
		};
		E67949842B73FC2A006EF23E /* Helpers */ = {
			isa = PBXGroup;
			children = (
				E67949852B73FC53006EF23E /* Secrets.swift */,
			);
			path = Helpers;
			sourceTree = "<group>";
		};
		E679498B2B741444006EF23E /* ChatRow */ = {
			isa = PBXGroup;
			children = (
				E679498C2B74145F006EF23E /* ChatRow.swift */,
				E679498E2B74146D006EF23E /* ChatRowViewModel.swift */,
			);
			path = ChatRow;
			sourceTree = "<group>";
		};
		E67949922B742B04006EF23E /* Extensions */ = {
			isa = PBXGroup;
			children = (
				E67949932B742B15006EF23E /* Color+extensions.swift */,
			);
			path = Extensions;
			sourceTree = "<group>";
		};
/* End PBXGroup section */

/* Begin PBXNativeTarget section */
		E67949502B73EAC4006EF23E /* SendbirdDebugging */ = {
			isa = PBXNativeTarget;
			buildConfigurationList = E67949602B73EAC8006EF23E /* Build configuration list for PBXNativeTarget "SendbirdDebugging" */;
			buildPhases = (
				E679494D2B73EAC4006EF23E /* Sources */,
				E679494E2B73EAC4006EF23E /* Frameworks */,
				E679494F2B73EAC4006EF23E /* Resources */,
			);
			buildRules = (
			);
			dependencies = (
			);
			name = SendbirdDebugging;
			packageProductDependencies = (
				E67949642B73EB42006EF23E /* SendbirdChatSDK */,
			);
			productName = SendbirdDebugging;
			productReference = E67949512B73EAC4006EF23E /* SendbirdDebugging.app */;
			productType = "com.apple.product-type.application";
		};
/* End PBXNativeTarget section */

/* Begin PBXProject section */
		E67949492B73EAC4006EF23E /* Project object */ = {
			isa = PBXProject;
			attributes = {
				BuildIndependentTargetsInParallel = 1;
				LastSwiftUpdateCheck = 1520;
				LastUpgradeCheck = 1520;
				TargetAttributes = {
					E67949502B73EAC4006EF23E = {
						CreatedOnToolsVersion = 15.2;
					};
				};
			};
			buildConfigurationList = E679494C2B73EAC4006EF23E /* Build configuration list for PBXProject "SendbirdDebugging" */;
			compatibilityVersion = "Xcode 14.0";
			developmentRegion = en;
			hasScannedForEncodings = 0;
			knownRegions = (
				en,
				Base,
			);
			mainGroup = E67949482B73EAC4006EF23E;
			packageReferences = (
				E67949632B73EB42006EF23E /* XCRemoteSwiftPackageReference "sendbird-chat-sdk-ios" */,
			);
			productRefGroup = E67949522B73EAC4006EF23E /* Products */;
			projectDirPath = "";
			projectRoot = "";
			targets = (
				E67949502B73EAC4006EF23E /* SendbirdDebugging */,
			);
		};
/* End PBXProject section */

/* Begin PBXResourcesBuildPhase section */
		E679494F2B73EAC4006EF23E /* Resources */ = {
			isa = PBXResourcesBuildPhase;
			buildActionMask = 2147483647;
			files = (
				E679495D2B73EAC8006EF23E /* Preview Assets.xcassets in Resources */,
				E67949592B73EAC8006EF23E /* Assets.xcassets in Resources */,
			);
			runOnlyForDeploymentPostprocessing = 0;
		};
/* End PBXResourcesBuildPhase section */

/* Begin PBXSourcesBuildPhase section */
		E679494D2B73EAC4006EF23E /* Sources */ = {
			isa = PBXSourcesBuildPhase;
			buildActionMask = 2147483647;
			files = (
				E67949692B73EBD2006EF23E /* ChatListView.swift in Sources */,
				E679497C2B73F2EE006EF23E /* ChatChannel.swift in Sources */,
				E679498A2B740342006EF23E /* NotificationService.swift in Sources */,
				E679497A2B73F279006EF23E /* ChatMessage.swift in Sources */,
				E679498F2B74146D006EF23E /* ChatRowViewModel.swift in Sources */,
				E679496D2B73EC0B006EF23E /* ChatListCoordinator.swift in Sources */,
				E67949772B73EDED006EF23E /* ChatService.swift in Sources */,
				E679496B2B73EBE7006EF23E /* ChatListViewModel.swift in Sources */,
				E679497E2B73F465006EF23E /* ChatFile.swift in Sources */,
				E67949862B73FC53006EF23E /* Secrets.swift in Sources */,
				E67949552B73EAC4006EF23E /* SendbirdDebuggingApp.swift in Sources */,
				E67949942B742B15006EF23E /* Color+extensions.swift in Sources */,
				E679498D2B74145F006EF23E /* ChatRow.swift in Sources */,
				E67949882B74024A006EF23E /* EphemeralChatChannel.swift in Sources */,
			);
			runOnlyForDeploymentPostprocessing = 0;
		};
/* End PBXSourcesBuildPhase section */

/* Begin XCBuildConfiguration section */
		E679495E2B73EAC8006EF23E /* Debug */ = {
			isa = XCBuildConfiguration;
			baseConfigurationReference = E679497F2B73F67D006EF23E /* SendbirdConfig.xcconfig */;
			buildSettings = {
				ALWAYS_SEARCH_USER_PATHS = NO;
				ASSETCATALOG_COMPILER_GENERATE_SWIFT_ASSET_SYMBOL_EXTENSIONS = YES;
				CLANG_ANALYZER_NONNULL = YES;
				CLANG_ANALYZER_NUMBER_OBJECT_CONVERSION = YES_AGGRESSIVE;
				CLANG_CXX_LANGUAGE_STANDARD = "gnu++20";
				CLANG_ENABLE_MODULES = YES;
				CLANG_ENABLE_OBJC_ARC = YES;
				CLANG_ENABLE_OBJC_WEAK = YES;
				CLANG_WARN_BLOCK_CAPTURE_AUTORELEASING = YES;
				CLANG_WARN_BOOL_CONVERSION = YES;
				CLANG_WARN_COMMA = YES;
				CLANG_WARN_CONSTANT_CONVERSION = YES;
				CLANG_WARN_DEPRECATED_OBJC_IMPLEMENTATIONS = YES;
				CLANG_WARN_DIRECT_OBJC_ISA_USAGE = YES_ERROR;
				CLANG_WARN_DOCUMENTATION_COMMENTS = YES;
				CLANG_WARN_EMPTY_BODY = YES;
				CLANG_WARN_ENUM_CONVERSION = YES;
				CLANG_WARN_INFINITE_RECURSION = YES;
				CLANG_WARN_INT_CONVERSION = YES;
				CLANG_WARN_NON_LITERAL_NULL_CONVERSION = YES;
				CLANG_WARN_OBJC_IMPLICIT_RETAIN_SELF = YES;
				CLANG_WARN_OBJC_LITERAL_CONVERSION = YES;
				CLANG_WARN_OBJC_ROOT_CLASS = YES_ERROR;
				CLANG_WARN_QUOTED_INCLUDE_IN_FRAMEWORK_HEADER = YES;
				CLANG_WARN_RANGE_LOOP_ANALYSIS = YES;
				CLANG_WARN_STRICT_PROTOTYPES = YES;
				CLANG_WARN_SUSPICIOUS_MOVE = YES;
				CLANG_WARN_UNGUARDED_AVAILABILITY = YES_AGGRESSIVE;
				CLANG_WARN_UNREACHABLE_CODE = YES;
				CLANG_WARN__DUPLICATE_METHOD_MATCH = YES;
				COPY_PHASE_STRIP = NO;
				DEBUG_INFORMATION_FORMAT = dwarf;
				ENABLE_STRICT_OBJC_MSGSEND = YES;
				ENABLE_TESTABILITY = YES;
				ENABLE_USER_SCRIPT_SANDBOXING = YES;
				GCC_C_LANGUAGE_STANDARD = gnu17;
				GCC_DYNAMIC_NO_PIC = NO;
				GCC_NO_COMMON_BLOCKS = YES;
				GCC_OPTIMIZATION_LEVEL = 0;
				GCC_PREPROCESSOR_DEFINITIONS = (
					"DEBUG=1",
					"$(inherited)",
				);
				GCC_WARN_64_TO_32_BIT_CONVERSION = YES;
				GCC_WARN_ABOUT_RETURN_TYPE = YES_ERROR;
				GCC_WARN_UNDECLARED_SELECTOR = YES;
				GCC_WARN_UNINITIALIZED_AUTOS = YES_AGGRESSIVE;
				GCC_WARN_UNUSED_FUNCTION = YES;
				GCC_WARN_UNUSED_VARIABLE = YES;
				LOCALIZATION_PREFERS_STRING_CATALOGS = YES;
				MTL_ENABLE_DEBUG_INFO = INCLUDE_SOURCE;
				MTL_FAST_MATH = YES;
				ONLY_ACTIVE_ARCH = YES;
				SWIFT_ACTIVE_COMPILATION_CONDITIONS = "DEBUG $(inherited)";
				SWIFT_OPTIMIZATION_LEVEL = "-Onone";
			};
			name = Debug;
		};
		E679495F2B73EAC8006EF23E /* Release */ = {
			isa = XCBuildConfiguration;
			baseConfigurationReference = E679497F2B73F67D006EF23E /* SendbirdConfig.xcconfig */;
			buildSettings = {
				ALWAYS_SEARCH_USER_PATHS = NO;
				ASSETCATALOG_COMPILER_GENERATE_SWIFT_ASSET_SYMBOL_EXTENSIONS = YES;
				CLANG_ANALYZER_NONNULL = YES;
				CLANG_ANALYZER_NUMBER_OBJECT_CONVERSION = YES_AGGRESSIVE;
				CLANG_CXX_LANGUAGE_STANDARD = "gnu++20";
				CLANG_ENABLE_MODULES = YES;
				CLANG_ENABLE_OBJC_ARC = YES;
				CLANG_ENABLE_OBJC_WEAK = YES;
				CLANG_WARN_BLOCK_CAPTURE_AUTORELEASING = YES;
				CLANG_WARN_BOOL_CONVERSION = YES;
				CLANG_WARN_COMMA = YES;
				CLANG_WARN_CONSTANT_CONVERSION = YES;
				CLANG_WARN_DEPRECATED_OBJC_IMPLEMENTATIONS = YES;
				CLANG_WARN_DIRECT_OBJC_ISA_USAGE = YES_ERROR;
				CLANG_WARN_DOCUMENTATION_COMMENTS = YES;
				CLANG_WARN_EMPTY_BODY = YES;
				CLANG_WARN_ENUM_CONVERSION = YES;
				CLANG_WARN_INFINITE_RECURSION = YES;
				CLANG_WARN_INT_CONVERSION = YES;
				CLANG_WARN_NON_LITERAL_NULL_CONVERSION = YES;
				CLANG_WARN_OBJC_IMPLICIT_RETAIN_SELF = YES;
				CLANG_WARN_OBJC_LITERAL_CONVERSION = YES;
				CLANG_WARN_OBJC_ROOT_CLASS = YES_ERROR;
				CLANG_WARN_QUOTED_INCLUDE_IN_FRAMEWORK_HEADER = YES;
				CLANG_WARN_RANGE_LOOP_ANALYSIS = YES;
				CLANG_WARN_STRICT_PROTOTYPES = YES;
				CLANG_WARN_SUSPICIOUS_MOVE = YES;
				CLANG_WARN_UNGUARDED_AVAILABILITY = YES_AGGRESSIVE;
				CLANG_WARN_UNREACHABLE_CODE = YES;
				CLANG_WARN__DUPLICATE_METHOD_MATCH = YES;
				COPY_PHASE_STRIP = NO;
				DEBUG_INFORMATION_FORMAT = "dwarf-with-dsym";
				ENABLE_NS_ASSERTIONS = NO;
				ENABLE_STRICT_OBJC_MSGSEND = YES;
				ENABLE_USER_SCRIPT_SANDBOXING = YES;
				GCC_C_LANGUAGE_STANDARD = gnu17;
				GCC_NO_COMMON_BLOCKS = YES;
				GCC_WARN_64_TO_32_BIT_CONVERSION = YES;
				GCC_WARN_ABOUT_RETURN_TYPE = YES_ERROR;
				GCC_WARN_UNDECLARED_SELECTOR = YES;
				GCC_WARN_UNINITIALIZED_AUTOS = YES_AGGRESSIVE;
				GCC_WARN_UNUSED_FUNCTION = YES;
				GCC_WARN_UNUSED_VARIABLE = YES;
				LOCALIZATION_PREFERS_STRING_CATALOGS = YES;
				MTL_ENABLE_DEBUG_INFO = NO;
				MTL_FAST_MATH = YES;
				SWIFT_COMPILATION_MODE = wholemodule;
			};
			name = Release;
		};
		E67949612B73EAC8006EF23E /* Debug */ = {
			isa = XCBuildConfiguration;
			buildSettings = {
				ASSETCATALOG_COMPILER_APPICON_NAME = AppIcon;
				ASSETCATALOG_COMPILER_GLOBAL_ACCENT_COLOR_NAME = AccentColor;
				CODE_SIGN_ENTITLEMENTS = SendbirdDebugging/SendbirdDebugging.entitlements;
				CODE_SIGN_STYLE = Automatic;
				CURRENT_PROJECT_VERSION = 1;
				DEVELOPMENT_ASSET_PATHS = "\"SendbirdDebugging/Preview Content\"";
				DEVELOPMENT_TEAM = L263652VK2;
				ENABLE_HARDENED_RUNTIME = YES;
				ENABLE_PREVIEWS = YES;
				GENERATE_INFOPLIST_FILE = YES;
				INFOPLIST_FILE = SendbirdDebugging/Info.plist;
				"INFOPLIST_KEY_UIApplicationSceneManifest_Generation[sdk=iphoneos*]" = YES;
				"INFOPLIST_KEY_UIApplicationSceneManifest_Generation[sdk=iphonesimulator*]" = YES;
				"INFOPLIST_KEY_UIApplicationSupportsIndirectInputEvents[sdk=iphoneos*]" = YES;
				"INFOPLIST_KEY_UIApplicationSupportsIndirectInputEvents[sdk=iphonesimulator*]" = YES;
				"INFOPLIST_KEY_UILaunchScreen_Generation[sdk=iphoneos*]" = YES;
				"INFOPLIST_KEY_UILaunchScreen_Generation[sdk=iphonesimulator*]" = YES;
				"INFOPLIST_KEY_UIStatusBarStyle[sdk=iphoneos*]" = UIStatusBarStyleDefault;
				"INFOPLIST_KEY_UIStatusBarStyle[sdk=iphonesimulator*]" = UIStatusBarStyleDefault;
				INFOPLIST_KEY_UISupportedInterfaceOrientations_iPad = "UIInterfaceOrientationPortrait UIInterfaceOrientationPortraitUpsideDown UIInterfaceOrientationLandscapeLeft UIInterfaceOrientationLandscapeRight";
				INFOPLIST_KEY_UISupportedInterfaceOrientations_iPhone = "UIInterfaceOrientationPortrait UIInterfaceOrientationLandscapeLeft UIInterfaceOrientationLandscapeRight";
				IPHONEOS_DEPLOYMENT_TARGET = 15.1;
				LD_RUNPATH_SEARCH_PATHS = "@executable_path/Frameworks";
				"LD_RUNPATH_SEARCH_PATHS[sdk=macosx*]" = "@executable_path/../Frameworks";
				MACOSX_DEPLOYMENT_TARGET = 14.2;
				MARKETING_VERSION = 1.0;
				PRODUCT_BUNDLE_IDENTIFIER = com.stevegalbraith.SendbirdDebugging;
				PRODUCT_NAME = "$(TARGET_NAME)";
				SDKROOT = auto;
				SUPPORTED_PLATFORMS = "iphoneos iphonesimulator macosx";
				SWIFT_EMIT_LOC_STRINGS = YES;
				SWIFT_VERSION = 5.0;
				TARGETED_DEVICE_FAMILY = "1,2";
			};
			name = Debug;
		};
		E67949622B73EAC8006EF23E /* Release */ = {
			isa = XCBuildConfiguration;
			buildSettings = {
				ASSETCATALOG_COMPILER_APPICON_NAME = AppIcon;
				ASSETCATALOG_COMPILER_GLOBAL_ACCENT_COLOR_NAME = AccentColor;
				CODE_SIGN_ENTITLEMENTS = SendbirdDebugging/SendbirdDebugging.entitlements;
				CODE_SIGN_STYLE = Automatic;
				CURRENT_PROJECT_VERSION = 1;
				DEVELOPMENT_ASSET_PATHS = "\"SendbirdDebugging/Preview Content\"";
				DEVELOPMENT_TEAM = L263652VK2;
				ENABLE_HARDENED_RUNTIME = YES;
				ENABLE_PREVIEWS = YES;
				GENERATE_INFOPLIST_FILE = YES;
				INFOPLIST_FILE = SendbirdDebugging/Info.plist;
				"INFOPLIST_KEY_UIApplicationSceneManifest_Generation[sdk=iphoneos*]" = YES;
				"INFOPLIST_KEY_UIApplicationSceneManifest_Generation[sdk=iphonesimulator*]" = YES;
				"INFOPLIST_KEY_UIApplicationSupportsIndirectInputEvents[sdk=iphoneos*]" = YES;
				"INFOPLIST_KEY_UIApplicationSupportsIndirectInputEvents[sdk=iphonesimulator*]" = YES;
				"INFOPLIST_KEY_UILaunchScreen_Generation[sdk=iphoneos*]" = YES;
				"INFOPLIST_KEY_UILaunchScreen_Generation[sdk=iphonesimulator*]" = YES;
				"INFOPLIST_KEY_UIStatusBarStyle[sdk=iphoneos*]" = UIStatusBarStyleDefault;
				"INFOPLIST_KEY_UIStatusBarStyle[sdk=iphonesimulator*]" = UIStatusBarStyleDefault;
				INFOPLIST_KEY_UISupportedInterfaceOrientations_iPad = "UIInterfaceOrientationPortrait UIInterfaceOrientationPortraitUpsideDown UIInterfaceOrientationLandscapeLeft UIInterfaceOrientationLandscapeRight";
				INFOPLIST_KEY_UISupportedInterfaceOrientations_iPhone = "UIInterfaceOrientationPortrait UIInterfaceOrientationLandscapeLeft UIInterfaceOrientationLandscapeRight";
				IPHONEOS_DEPLOYMENT_TARGET = 15.1;
				LD_RUNPATH_SEARCH_PATHS = "@executable_path/Frameworks";
				"LD_RUNPATH_SEARCH_PATHS[sdk=macosx*]" = "@executable_path/../Frameworks";
				MACOSX_DEPLOYMENT_TARGET = 14.2;
				MARKETING_VERSION = 1.0;
				PRODUCT_BUNDLE_IDENTIFIER = com.stevegalbraith.SendbirdDebugging;
				PRODUCT_NAME = "$(TARGET_NAME)";
				SDKROOT = auto;
				SUPPORTED_PLATFORMS = "iphoneos iphonesimulator macosx";
				SWIFT_EMIT_LOC_STRINGS = YES;
				SWIFT_VERSION = 5.0;
				TARGETED_DEVICE_FAMILY = "1,2";
			};
			name = Release;
		};
/* End XCBuildConfiguration section */

/* Begin XCConfigurationList section */
		E679494C2B73EAC4006EF23E /* Build configuration list for PBXProject "SendbirdDebugging" */ = {
			isa = XCConfigurationList;
			buildConfigurations = (
				E679495E2B73EAC8006EF23E /* Debug */,
				E679495F2B73EAC8006EF23E /* Release */,
			);
			defaultConfigurationIsVisible = 0;
			defaultConfigurationName = Release;
		};
		E67949602B73EAC8006EF23E /* Build configuration list for PBXNativeTarget "SendbirdDebugging" */ = {
			isa = XCConfigurationList;
			buildConfigurations = (
				E67949612B73EAC8006EF23E /* Debug */,
				E67949622B73EAC8006EF23E /* Release */,
			);
			defaultConfigurationIsVisible = 0;
			defaultConfigurationName = Release;
		};
/* End XCConfigurationList section */

/* Begin XCRemoteSwiftPackageReference section */
		E67949632B73EB42006EF23E /* XCRemoteSwiftPackageReference "sendbird-chat-sdk-ios" */ = {
			isa = XCRemoteSwiftPackageReference;
			repositoryURL = "https://github.com/sendbird/sendbird-chat-sdk-ios.git";
			requirement = {
				kind = upToNextMajorVersion;
				minimumVersion = 4.15.3;
			};
		};
/* End XCRemoteSwiftPackageReference section */

/* Begin XCSwiftPackageProductDependency section */
		E67949642B73EB42006EF23E /* SendbirdChatSDK */ = {
			isa = XCSwiftPackageProductDependency;
			package = E67949632B73EB42006EF23E /* XCRemoteSwiftPackageReference "sendbird-chat-sdk-ios" */;
			productName = SendbirdChatSDK;
		};
/* End XCSwiftPackageProductDependency section */
	};
	rootObject = E67949492B73EAC4006EF23E /* Project object */;
}
